
Microsoft Visual Studio Solution File, Format Version 12.00
# Visual Studio Version 17
VisualStudioVersion = 17.5.002.0
MinimumVisualStudioVersion = 10.0.40219.1
Project("{2150E333-8FDC-42A3-9474-1A3956D46DE8}") = "CsharpProjects", "CsharpProjects", "{AE80A590-B847-4C6F-A87F-3BE3EDF26BFA}"
EndProject
Project("{9A19103F-16F7-4668-BE54-9A1E7A4F7556}") = "TestProject", "CsharpProjects\TestProject\TestProject.csproj", "{326653C0-E022-4B29-8962-52AB29ACB301}"
EndProject
Global
	GlobalSection(SolutionConfigurationPlatforms) = preSolution
		Debug|Any CPU = Debug|Any CPU
		Release|Any CPU = Release|Any CPU
	EndGlobalSection
	GlobalSection(ProjectConfigurationPlatforms) = postSolution
		{326653C0-E022-4B29-8962-52AB29ACB301}.Debug|Any CPU.ActiveCfg = Debug|Any CPU
		{326653C0-E022-4B29-8962-52AB29ACB301}.Debug|Any CPU.Build.0 = Debug|Any CPU
		{326653C0-E022-4B29-8962-52AB29ACB301}.Release|Any CPU.ActiveCfg = Release|Any CPU
		{326653C0-E022-4B29-8962-52AB29ACB301}.Release|Any CPU.Build.0 = Release|Any CPU
	EndGlobalSection
	GlobalSection(SolutionProperties) = preSolution
		HideSolutionNode = FALSE
	EndGlobalSection
	GlobalSection(NestedProjects) = preSolution
		{326653C0-E022-4B29-8962-52AB29ACB301} = {AE80A590-B847-4C6F-A87F-3BE3EDF26BFA}
	EndGlobalSection
	GlobalSection(ExtensibilityGlobals) = postSolution
		SolutionGuid = {405B5B6C-6264-4A32-A6CD-F4A5114B4705}
	EndGlobalSection
EndGlobal
